
Microsoft Visual Studio Solution File, Format Version 12.00
# Visual Studio Version 16
VisualStudioVersion = 16.0.30204.135
MinimumVisualStudioVersion = 10.0.40219.1
Project("{9A19103F-16F7-4668-BE54-9A1E7A4F7556}") = "FlowTaskManager.Web.Server", "FlowTaskManager.Web\Server\FlowTaskManager.Web.Server.csproj", "{A122C430-A9BB-4B2A-B549-7CD58FBCB023}"
EndProject
Project("{9A19103F-16F7-4668-BE54-9A1E7A4F7556}") = "FlowTaskManager.Web.Client", "FlowTaskManager.Web\Client\FlowTaskManager.Web.Client.csproj", "{878DDFA9-905A-423C-AC7D-EB24D92D6A29}"
EndProject
Project("{9A19103F-16F7-4668-BE54-9A1E7A4F7556}") = "FlowTaskManager.Web.Shared", "FlowTaskManager.Web\Shared\FlowTaskManager.Web.Shared.csproj", "{44C532B0-099B-484C-92B2-E57CFA15920D}"
EndProject
Global
	GlobalSection(SolutionConfigurationPlatforms) = preSolution
		Debug|Any CPU = Debug|Any CPU
		Release|Any CPU = Release|Any CPU
	EndGlobalSection
	GlobalSection(ProjectConfigurationPlatforms) = postSolution
		{A122C430-A9BB-4B2A-B549-7CD58FBCB023}.Debug|Any CPU.ActiveCfg = Debug|Any CPU
		{A122C430-A9BB-4B2A-B549-7CD58FBCB023}.Debug|Any CPU.Build.0 = Debug|Any CPU
		{A122C430-A9BB-4B2A-B549-7CD58FBCB023}.Release|Any CPU.ActiveCfg = Release|Any CPU
		{A122C430-A9BB-4B2A-B549-7CD58FBCB023}.Release|Any CPU.Build.0 = Release|Any CPU
		{878DDFA9-905A-423C-AC7D-EB24D92D6A29}.Debug|Any CPU.ActiveCfg = Debug|Any CPU
		{878DDFA9-905A-423C-AC7D-EB24D92D6A29}.Debug|Any CPU.Build.0 = Debug|Any CPU
		{878DDFA9-905A-423C-AC7D-EB24D92D6A29}.Release|Any CPU.ActiveCfg = Release|Any CPU
		{878DDFA9-905A-423C-AC7D-EB24D92D6A29}.Release|Any CPU.Build.0 = Release|Any CPU
		{44C532B0-099B-484C-92B2-E57CFA15920D}.Debug|Any CPU.ActiveCfg = Debug|Any CPU
		{44C532B0-099B-484C-92B2-E57CFA15920D}.Debug|Any CPU.Build.0 = Debug|Any CPU
		{44C532B0-099B-484C-92B2-E57CFA15920D}.Release|Any CPU.ActiveCfg = Release|Any CPU
		{44C532B0-099B-484C-92B2-E57CFA15920D}.Release|Any CPU.Build.0 = Release|Any CPU
	EndGlobalSection
	GlobalSection(SolutionProperties) = preSolution
		HideSolutionNode = FALSE
	EndGlobalSection
	GlobalSection(ExtensibilityGlobals) = postSolution
		SolutionGuid = {A19ED514-E7F3-4FC3-9FC0-B093435805BE}
	EndGlobalSection
EndGlobal
